
Microsoft Visual Studio Solution File, Format Version 12.00
# Visual Studio Version 16
VisualStudioVersion = 16.0.29806.167
MinimumVisualStudioVersion = 10.0.40219.1
Project("{FAE04EC0-301F-11D3-BF4B-00C04F79EFBC}") = "1-PrimeiroProjeto", "1-PrimeiroProjeto\1-PrimeiroProjeto.csproj", "{927A2975-CE73-420D-803F-585123DF455A}"
EndProject
Project("{FAE04EC0-301F-11D3-BF4B-00C04F79EFBC}") = "2-CriandoVariaveis", "2-CriandoVariaveis\2-CriandoVariaveis.csproj", "{36081EFE-3DBB-410A-B706-B4F1E0ADE921}"
EndProject
Project("{FAE04EC0-301F-11D3-BF4B-00C04F79EFBC}") = "3-CriandoVariaveisPontoFlutuante", "3-CriandoVariaveisPontoFlutuante\3-CriandoVariaveisPontoFlutuante.csproj", "{029399DA-772E-4021-B508-174D763DC667}"
EndProject
Project("{FAE04EC0-301F-11D3-BF4B-00C04F79EFBC}") = "4-ConversoesEOutrosTiposNumericos", "4-ConversoesEOutrosTiposNumericos\4-ConversoesEOutrosTiposNumericos.csproj", "{A85ED008-5050-4B16-B598-2F434733FF2E}"
EndProject
Project("{FAE04EC0-301F-11D3-BF4B-00C04F79EFBC}") = "5-CaracteresETextos", "5-CaracteresETextos\5-CaracteresETextos.csproj", "{A25394B6-42CB-4834-8D04-A38A09EDE7D7}"
EndProject
Project("{FAE04EC0-301F-11D3-BF4B-00C04F79EFBC}") = "8 - condicionais", "8 - condicionais\8 - condicionais.csproj", "{DC28C73E-08C8-4182-9AB8-FC8EC8AA0A97}"
EndProject
Project("{FAE04EC0-301F-11D3-BF4B-00C04F79EFBC}") = "P10-CalculaPoupanca", "10-CalculaPoupanca\P10-CalculaPoupanca.csproj", "{332FC94B-30B9-4403-BE86-517B6BB31A51}"
EndProject
Project("{FAE04EC0-301F-11D3-BF4B-00C04F79EFBC}") = "P11-CalculaPoupancaFor", "P11-CalculaPoupancaFor\P11-CalculaPoupancaFor.csproj", "{06C20D96-576B-4422-AF2F-25FBC6E25648}"
EndProject
Project("{FAE04EC0-301F-11D3-BF4B-00C04F79EFBC}") = "P12-Fatorial", "P12-Fatorial\P12-Fatorial.csproj", "{E1AE1AA5-53ED-46BA-A3B7-80E0B3330408}"
EndProject
Global
	GlobalSection(SolutionConfigurationPlatforms) = preSolution
		Debug|Any CPU = Debug|Any CPU
		Release|Any CPU = Release|Any CPU
	EndGlobalSection
	GlobalSection(ProjectConfigurationPlatforms) = postSolution
		{927A2975-CE73-420D-803F-585123DF455A}.Debug|Any CPU.ActiveCfg = Debug|Any CPU
		{927A2975-CE73-420D-803F-585123DF455A}.Debug|Any CPU.Build.0 = Debug|Any CPU
		{927A2975-CE73-420D-803F-585123DF455A}.Release|Any CPU.ActiveCfg = Release|Any CPU
		{927A2975-CE73-420D-803F-585123DF455A}.Release|Any CPU.Build.0 = Release|Any CPU
		{36081EFE-3DBB-410A-B706-B4F1E0ADE921}.Debug|Any CPU.ActiveCfg = Debug|Any CPU
		{36081EFE-3DBB-410A-B706-B4F1E0ADE921}.Debug|Any CPU.Build.0 = Debug|Any CPU
		{36081EFE-3DBB-410A-B706-B4F1E0ADE921}.Release|Any CPU.ActiveCfg = Release|Any CPU
		{36081EFE-3DBB-410A-B706-B4F1E0ADE921}.Release|Any CPU.Build.0 = Release|Any CPU
		{029399DA-772E-4021-B508-174D763DC667}.Debug|Any CPU.ActiveCfg = Debug|Any CPU
		{029399DA-772E-4021-B508-174D763DC667}.Debug|Any CPU.Build.0 = Debug|Any CPU
		{029399DA-772E-4021-B508-174D763DC667}.Release|Any CPU.ActiveCfg = Release|Any CPU
		{029399DA-772E-4021-B508-174D763DC667}.Release|Any CPU.Build.0 = Release|Any CPU
		{A85ED008-5050-4B16-B598-2F434733FF2E}.Debug|Any CPU.ActiveCfg = Debug|Any CPU
		{A85ED008-5050-4B16-B598-2F434733FF2E}.Debug|Any CPU.Build.0 = Debug|Any CPU
		{A85ED008-5050-4B16-B598-2F434733FF2E}.Release|Any CPU.ActiveCfg = Release|Any CPU
		{A85ED008-5050-4B16-B598-2F434733FF2E}.Release|Any CPU.Build.0 = Release|Any CPU
		{A25394B6-42CB-4834-8D04-A38A09EDE7D7}.Debug|Any CPU.ActiveCfg = Debug|Any CPU
		{A25394B6-42CB-4834-8D04-A38A09EDE7D7}.Debug|Any CPU.Build.0 = Debug|Any CPU
		{A25394B6-42CB-4834-8D04-A38A09EDE7D7}.Release|Any CPU.ActiveCfg = Release|Any CPU
		{A25394B6-42CB-4834-8D04-A38A09EDE7D7}.Release|Any CPU.Build.0 = Release|Any CPU
		{DC28C73E-08C8-4182-9AB8-FC8EC8AA0A97}.Debug|Any CPU.ActiveCfg = Debug|Any CPU
		{DC28C73E-08C8-4182-9AB8-FC8EC8AA0A97}.Debug|Any CPU.Build.0 = Debug|Any CPU
		{DC28C73E-08C8-4182-9AB8-FC8EC8AA0A97}.Release|Any CPU.ActiveCfg = Release|Any CPU
		{DC28C73E-08C8-4182-9AB8-FC8EC8AA0A97}.Release|Any CPU.Build.0 = Release|Any CPU
		{332FC94B-30B9-4403-BE86-517B6BB31A51}.Debug|Any CPU.ActiveCfg = Debug|Any CPU
		{332FC94B-30B9-4403-BE86-517B6BB31A51}.Debug|Any CPU.Build.0 = Debug|Any CPU
		{332FC94B-30B9-4403-BE86-517B6BB31A51}.Release|Any CPU.ActiveCfg = Release|Any CPU
		{332FC94B-30B9-4403-BE86-517B6BB31A51}.Release|Any CPU.Build.0 = Release|Any CPU
		{06C20D96-576B-4422-AF2F-25FBC6E25648}.Debug|Any CPU.ActiveCfg = Debug|Any CPU
		{06C20D96-576B-4422-AF2F-25FBC6E25648}.Debug|Any CPU.Build.0 = Debug|Any CPU
		{06C20D96-576B-4422-AF2F-25FBC6E25648}.Release|Any CPU.ActiveCfg = Release|Any CPU
		{06C20D96-576B-4422-AF2F-25FBC6E25648}.Release|Any CPU.Build.0 = Release|Any CPU
		{E1AE1AA5-53ED-46BA-A3B7-80E0B3330408}.Debug|Any CPU.ActiveCfg = Debug|Any CPU
		{E1AE1AA5-53ED-46BA-A3B7-80E0B3330408}.Debug|Any CPU.Build.0 = Debug|Any CPU
		{E1AE1AA5-53ED-46BA-A3B7-80E0B3330408}.Release|Any CPU.ActiveCfg = Release|Any CPU
		{E1AE1AA5-53ED-46BA-A3B7-80E0B3330408}.Release|Any CPU.Build.0 = Release|Any CPU
	EndGlobalSection
	GlobalSection(SolutionProperties) = preSolution
		HideSolutionNode = FALSE
	EndGlobalSection
	GlobalSection(ExtensibilityGlobals) = postSolution
		SolutionGuid = {C0D4A6CA-27B8-4337-A518-45407CE9966C}
	EndGlobalSection
EndGlobal
